PODS:
  - GradientProgressBar (2.0.1):
    - LightweightObservable (~> 1.0)
  - LightweightObservable (1.0.3)
  - SnapshotTesting (1.6.0)
  - SwiftFormat/CLI (0.41.2)
  - SwiftLint (0.37.0)

DEPENDENCIES:
  - GradientProgressBar (from `../`)
  - SnapshotTesting (~> 1.6)
  - SwiftFormat/CLI (~> 0.40)
  - SwiftLint (~> 0.36)

SPEC REPOS:
  trunk:
    - LightweightObservable
    - SnapshotTesting
    - SwiftFormat
    - SwiftLint

EXTERNAL SOURCES:
  GradientProgressBar:
    :path: "../"

SPEC CHECKSUMS:
  GradientProgressBar: 5edb703e14c9ff14a5e4d69827b5df48f5cdd8a5
  LightweightObservable: 8687e8e1e2940ae2f64d7f71fe78c036d89c966f
  SnapshotTesting: 9f478335073a830eafb7dc1fcd526c5e90143991
  SwiftFormat: 09921e624a7c5c53a687a9ae625fee48071a5d71
  SwiftLint: c078a14d7d7ade75e5507795d185e3da41d844d2

PODFILE CHECKSUM: 66d29f9a8156c0a908e0fe0c5facc3afaefe8d60

COCOAPODS: 1.8.4
