PODS:
  - GradientProgressBar (1.2.7)
  - SwiftFormat/CLI (0.40.4)
  - SwiftLint (0.31.0)

DEPENDENCIES:
  - GradientProgressBar (from `../`)
  - SwiftFormat/CLI
  - SwiftLint

SPEC REPOS:
  https://github.com/cocoapods/specs.git:
    - SwiftFormat
    - SwiftLint

EXTERNAL SOURCES:
  GradientProgressBar:
    :path: "../"

SPEC CHECKSUMS:
  GradientProgressBar: a5754d3b3052b84c1c55d336dccd080ffbad5b11
  SwiftFormat: cc36377840cffa5d0634782875dccf34dc02ff39
  SwiftLint: 7a0227733d786395817373b2d0ca799fd0093ff3

PODFILE CHECKSUM: 5e1594ff360bdeea487280fd19bc31d92a5ab6ba

COCOAPODS: 1.6.0
