PODS:
  - GradientProgressBar (1.2.9):
    - LightweightObservable (~> 1.0)
  - LightweightObservable (1.0.1)
  - SwiftFormat/CLI (0.40.9)
  - SwiftLint (0.33.0)

DEPENDENCIES:
  - GradientProgressBar (from `../`)
  - SwiftFormat/CLI
  - SwiftLint

SPEC REPOS:
  https://github.com/cocoapods/specs.git:
    - LightweightObservable
    - SwiftFormat
    - SwiftLint

EXTERNAL SOURCES:
  GradientProgressBar:
    :path: "../"

SPEC CHECKSUMS:
  GradientProgressBar: a4d967bded9d749f2abbe657b600dfe0b34357d0
  LightweightObservable: d723535b481a5ac7853d4e423779c636534542ab
  SwiftFormat: 6b67b6e7fe73d664f0cbb4f13721f130462c86a5
  SwiftLint: fed9c66336e41fc74dc48a73678380718f0c8b0e

PODFILE CHECKSUM: 5e1594ff360bdeea487280fd19bc31d92a5ab6ba

COCOAPODS: 1.6.0
