// !$*UTF8*$!
{
	archiveVersion = 1;
	classes = {
	};
	objectVersion = 55;
	objects = {

/* Begin PBXBuildFile section */
		7EEF33172A24B21109F134F2 /* Pods_Example.framework in Frameworks */ = {isa = PBXBuildFile; fileRef = ACB96733E146333E508B6A2F /* Pods_Example.framework */; };
		839C161324A38E192DC91566 /* Pods_ExampleTests.framework in Frameworks */ = {isa = PBXBuildFile; fileRef = 36A15481FCE345CA4746C396 /* Pods_ExampleTests.framework */; };
		C8C645F5E78C8F0B4ACF63B7 /* Pods_ExampleSnapshotTests.framework in Frameworks */ = {isa = PBXBuildFile; fileRef = B83154B34980384C1059122A /* Pods_ExampleSnapshotTests.framework */; };
		DC20E6E427AD09B300AE9158 /* WebViewExample.storyboard in Resources */ = {isa = PBXBuildFile; fileRef = DC20E6E327AD09B300AE9158 /* WebViewExample.storyboard */; };
		DC20E6E627AD18DE00AE9158 /* AdvancedExample.storyboard in Resources */ = {isa = PBXBuildFile; fileRef = DC20E6E527AD18DE00AE9158 /* AdvancedExample.storyboard */; };
		DC20E6E827AD192A00AE9158 /* BasicExample.storyboard in Resources */ = {isa = PBXBuildFile; fileRef = DC20E6E727AD192A00AE9158 /* BasicExample.storyboard */; };
		DC54A53527AD298100B14516 /* GradientProgressBarTestCase.swift in Sources */ = {isa = PBXBuildFile; fileRef = DC54A52F27AD298100B14516 /* GradientProgressBarTestCase.swift */; };
		DC54A53627AD298100B14516 /* UIColorMakeDynamicColorTestCase.swift in Sources */ = {isa = PBXBuildFile; fileRef = DC54A53127AD298100B14516 /* UIColorMakeDynamicColorTestCase.swift */; };
		DC54A53727AD298100B14516 /* MaskLayerViewModelTestCase.swift in Sources */ = {isa = PBXBuildFile; fileRef = DC54A53327AD298100B14516 /* MaskLayerViewModelTestCase.swift */; };
		DC54A53827AD298100B14516 /* GradientLayerViewModelTestCase.swift in Sources */ = {isa = PBXBuildFile; fileRef = DC54A53427AD298100B14516 /* GradientLayerViewModelTestCase.swift */; };
		DC54A55427AD2B0900B14516 /* CustomColorSnapshotTestCase.swift in Sources */ = {isa = PBXBuildFile; fileRef = DC54A54627AD2B0900B14516 /* CustomColorSnapshotTestCase.swift */; };
		DC54A55D27AD2B0900B14516 /* DefaultColorSnapshotTestCase.swift in Sources */ = {isa = PBXBuildFile; fileRef = DC54A55227AD2B0900B14516 /* DefaultColorSnapshotTestCase.swift */; };
		DC54A55E27AD2B0900B14516 /* README.md in Resources */ = {isa = PBXBuildFile; fileRef = DC54A55327AD2B0900B14516 /* README.md */; };
		DCA889BB27AC199E00CF909E /* BasicExampleViewController.swift in Sources */ = {isa = PBXBuildFile; fileRef = DCA889B927AC199E00CF909E /* BasicExampleViewController.swift */; };
		DCA889C127AC1B7F00CF909E /* AdvancedExampleViewController.swift in Sources */ = {isa = PBXBuildFile; fileRef = DCA889BF27AC1B7F00CF909E /* AdvancedExampleViewController.swift */; };
		DCA889C527AC1BC100CF909E /* WebViewExampleViewController.swift in Sources */ = {isa = PBXBuildFile; fileRef = DCA889C327AC1BC100CF909E /* WebViewExampleViewController.swift */; };
		DCAD8B5627AC3187002B3086 /* SwiftUIExampleView.swift in Sources */ = {isa = PBXBuildFile; fileRef = DCAD8B5527AC3187002B3086 /* SwiftUIExampleView.swift */; };
		DCAD8B5927AC3DCC002B3086 /* StoryboardView.swift in Sources */ = {isa = PBXBuildFile; fileRef = DCAD8B5827AC3DCC002B3086 /* StoryboardView.swift */; };
		DCC7AADC27ABE70F00B76102 /* ExampleApp.swift in Sources */ = {isa = PBXBuildFile; fileRef = DCC7AADB27ABE70F00B76102 /* ExampleApp.swift */; };
		DCC7AADE27ABE70F00B76102 /* EntryPointView.swift in Sources */ = {isa = PBXBuildFile; fileRef = DCC7AADD27ABE70F00B76102 /* EntryPointView.swift */; };
		DCC7AAE027ABE71000B76102 /* Assets.xcassets in Resources */ = {isa = PBXBuildFile; fileRef = DCC7AADF27ABE71000B76102 /* Assets.xcassets */; };
		DCC7AAE327ABE71000B76102 /* Preview Assets.xcassets in Resources */ = {isa = PBXBuildFile; fileRef = DCC7AAE227ABE71000B76102 /* Preview Assets.xcassets */; };
/* End PBXBuildFile section */

/* Begin PBXContainerItemProxy section */
		DC54A54127AD2AD700B14516 /* PBXContainerItemProxy */ = {
			isa = PBXContainerItemProxy;
			containerPortal = DCC7AAD027ABE70F00B76102 /* Project object */;
			proxyType = 1;
			remoteGlobalIDString = DCC7AAD727ABE70F00B76102;
			remoteInfo = Example;
		};
		DCC7AAE927ABE71100B76102 /* PBXContainerItemProxy */ = {
			isa = PBXContainerItemProxy;
			containerPortal = DCC7AAD027ABE70F00B76102 /* Project object */;
			proxyType = 1;
			remoteGlobalIDString = DCC7AAD727ABE70F00B76102;
			remoteInfo = Example;
		};
/* End PBXContainerItemProxy section */

/* Begin PBXFileReference section */
		1318ACAFEABEBF83E0D26715 /* Pods-ExampleTests.debug.xcconfig */ = {isa = PBXFileReference; includeInIndex = 1; lastKnownFileType = text.xcconfig; name = "Pods-ExampleTests.debug.xcconfig"; path = "Target Support Files/Pods-ExampleTests/Pods-ExampleTests.debug.xcconfig"; sourceTree = "<group>"; };
		1831E7A373F6BCA1512AEC2C /* Pods-Example.debug.xcconfig */ = {isa = PBXFileReference; includeInIndex = 1; lastKnownFileType = text.xcconfig; name = "Pods-Example.debug.xcconfig"; path = "Target Support Files/Pods-Example/Pods-Example.debug.xcconfig"; sourceTree = "<group>"; };
		2037CDACDEC69585E60EA450 /* Pods-ExampleSnapshotTests.release.xcconfig */ = {isa = PBXFileReference; includeInIndex = 1; lastKnownFileType = text.xcconfig; name = "Pods-ExampleSnapshotTests.release.xcconfig"; path = "Target Support Files/Pods-ExampleSnapshotTests/Pods-ExampleSnapshotTests.release.xcconfig"; sourceTree = "<group>"; };
		2C4F19E3F77A4916EC02A22A /* Pods-Example.release.xcconfig */ = {isa = PBXFileReference; includeInIndex = 1; lastKnownFileType = text.xcconfig; name = "Pods-Example.release.xcconfig"; path = "Target Support Files/Pods-Example/Pods-Example.release.xcconfig"; sourceTree = "<group>"; };
		36A15481FCE345CA4746C396 /* Pods_ExampleTests.framework */ = {isa = PBXFileReference; explicitFileType = wrapper.framework; includeInIndex = 0; path = Pods_ExampleTests.framework; sourceTree = BUILT_PRODUCTS_DIR; };
		55F7E9841D37A27B102B2C68 /* Pods-ExampleSnapshotTests.debug.xcconfig */ = {isa = PBXFileReference; includeInIndex = 1; lastKnownFileType = text.xcconfig; name = "Pods-ExampleSnapshotTests.debug.xcconfig"; path = "Target Support Files/Pods-ExampleSnapshotTests/Pods-ExampleSnapshotTests.debug.xcconfig"; sourceTree = "<group>"; };
		ACB96733E146333E508B6A2F /* Pods_Example.framework */ = {isa = PBXFileReference; explicitFileType = wrapper.framework; includeInIndex = 0; path = Pods_Example.framework; sourceTree = BUILT_PRODUCTS_DIR; };
		B83154B34980384C1059122A /* Pods_ExampleSnapshotTests.framework */ = {isa = PBXFileReference; explicitFileType = wrapper.framework; includeInIndex = 0; path = Pods_ExampleSnapshotTests.framework; sourceTree = BUILT_PRODUCTS_DIR; };
		C1B6E121C67FC6811F5EF560 /* Pods-ExampleTests.release.xcconfig */ = {isa = PBXFileReference; includeInIndex = 1; lastKnownFileType = text.xcconfig; name = "Pods-ExampleTests.release.xcconfig"; path = "Target Support Files/Pods-ExampleTests/Pods-ExampleTests.release.xcconfig"; sourceTree = "<group>"; };
		DC20E6E327AD09B300AE9158 /* WebViewExample.storyboard */ = {isa = PBXFileReference; lastKnownFileType = file.storyboard; path = WebViewExample.storyboard; sourceTree = "<group>"; };
		DC20E6E527AD18DE00AE9158 /* AdvancedExample.storyboard */ = {isa = PBXFileReference; lastKnownFileType = file.storyboard; path = AdvancedExample.storyboard; sourceTree = "<group>"; };
		DC20E6E727AD192A00AE9158 /* BasicExample.storyboard */ = {isa = PBXFileReference; lastKnownFileType = file.storyboard; path = BasicExample.storyboard; sourceTree = "<group>"; };
		DC54A52F27AD298100B14516 /* GradientProgressBarTestCase.swift */ = {isa = PBXFileReference; fileEncoding = 4; lastKnownFileType = sourcecode.swift; path = GradientProgressBarTestCase.swift; sourceTree = "<group>"; };
		DC54A53127AD298100B14516 /* UIColorMakeDynamicColorTestCase.swift */ = {isa = PBXFileReference; fileEncoding = 4; lastKnownFileType = sourcecode.swift; path = UIColorMakeDynamicColorTestCase.swift; sourceTree = "<group>"; };
		DC54A53327AD298100B14516 /* MaskLayerViewModelTestCase.swift */ = {isa = PBXFileReference; fileEncoding = 4; lastKnownFileType = sourcecode.swift; path = MaskLayerViewModelTestCase.swift; sourceTree = "<group>"; };
		DC54A53427AD298100B14516 /* GradientLayerViewModelTestCase.swift */ = {isa = PBXFileReference; fileEncoding = 4; lastKnownFileType = sourcecode.swift; path = GradientLayerViewModelTestCase.swift; sourceTree = "<group>"; };
		DC54A53D27AD2AD700B14516 /* ExampleSnapshotTests.xctest */ = {isa = PBXFileReference; explicitFileType = wrapper.cfbundle; includeInIndex = 0; path = ExampleSnapshotTests.xctest; sourceTree = BUILT_PRODUCTS_DIR; };
		DC54A54627AD2B0900B14516 /* CustomColorSnapshotTestCase.swift */ = {isa = PBXFileReference; fileEncoding = 4; lastKnownFileType = sourcecode.swift; path = CustomColorSnapshotTestCase.swift; sourceTree = "<group>"; };
		DC54A55227AD2B0900B14516 /* DefaultColorSnapshotTestCase.swift */ = {isa = PBXFileReference; fileEncoding = 4; lastKnownFileType = sourcecode.swift; path = DefaultColorSnapshotTestCase.swift; sourceTree = "<group>"; };
		DC54A55327AD2B0900B14516 /* README.md */ = {isa = PBXFileReference; fileEncoding = 4; lastKnownFileType = net.daringfireball.markdown; path = README.md; sourceTree = "<group>"; };
		DCA889B927AC199E00CF909E /* BasicExampleViewController.swift */ = {isa = PBXFileReference; lastKnownFileType = sourcecode.swift; path = BasicExampleViewController.swift; sourceTree = "<group>"; };
		DCA889BF27AC1B7F00CF909E /* AdvancedExampleViewController.swift */ = {isa = PBXFileReference; lastKnownFileType = sourcecode.swift; path = AdvancedExampleViewController.swift; sourceTree = "<group>"; };
		DCA889C327AC1BC100CF909E /* WebViewExampleViewController.swift */ = {isa = PBXFileReference; lastKnownFileType = sourcecode.swift; path = WebViewExampleViewController.swift; sourceTree = "<group>"; };
		DCAD8B5527AC3187002B3086 /* SwiftUIExampleView.swift */ = {isa = PBXFileReference; lastKnownFileType = sourcecode.swift; path = SwiftUIExampleView.swift; sourceTree = "<group>"; };
		DCAD8B5827AC3DCC002B3086 /* StoryboardView.swift */ = {isa = PBXFileReference; lastKnownFileType = sourcecode.swift; path = StoryboardView.swift; sourceTree = "<group>"; };
		DCC7AAD827ABE70F00B76102 /* Example.app */ = {isa = PBXFileReference; explicitFileType = wrapper.application; includeInIndex = 0; path = Example.app; sourceTree = BUILT_PRODUCTS_DIR; };
		DCC7AADB27ABE70F00B76102 /* ExampleApp.swift */ = {isa = PBXFileReference; lastKnownFileType = sourcecode.swift; path = ExampleApp.swift; sourceTree = "<group>"; };
		DCC7AADD27ABE70F00B76102 /* EntryPointView.swift */ = {isa = PBXFileReference; lastKnownFileType = sourcecode.swift; path = EntryPointView.swift; sourceTree = "<group>"; };
		DCC7AADF27ABE71000B76102 /* Assets.xcassets */ = {isa = PBXFileReference; lastKnownFileType = folder.assetcatalog; path = Assets.xcassets; sourceTree = "<group>"; };
		DCC7AAE227ABE71000B76102 /* Preview Assets.xcassets */ = {isa = PBXFileReference; lastKnownFileType = folder.assetcatalog; path = "Preview Assets.xcassets"; sourceTree = "<group>"; };
		DCC7AAE827ABE71100B76102 /* ExampleTests.xctest */ = {isa = PBXFileReference; explicitFileType = wrapper.cfbundle; includeInIndex = 0; path = ExampleTests.xctest; sourceTree = BUILT_PRODUCTS_DIR; };
/* End PBXFileReference section */

/* Begin PBXFrameworksBuildPhase section */
		DC54A53A27AD2AD700B14516 /* Frameworks */ = {
			isa = PBXFrameworksBuildPhase;
			buildActionMask = 2147483647;
			files = (
				C8C645F5E78C8F0B4ACF63B7 /* Pods_ExampleSnapshotTests.framework in Frameworks */,
			);
			runOnlyForDeploymentPostprocessing = 0;
		};
		DCC7AAD527ABE70F00B76102 /* Frameworks */ = {
			isa = PBXFrameworksBuildPhase;
			buildActionMask = 2147483647;
			files = (
				7EEF33172A24B21109F134F2 /* Pods_Example.framework in Frameworks */,
			);
			runOnlyForDeploymentPostprocessing = 0;
		};
		DCC7AAE527ABE71100B76102 /* Frameworks */ = {
			isa = PBXFrameworksBuildPhase;
			buildActionMask = 2147483647;
			files = (
				839C161324A38E192DC91566 /* Pods_ExampleTests.framework in Frameworks */,
			);
			runOnlyForDeploymentPostprocessing = 0;
		};
/* End PBXFrameworksBuildPhase section */

/* Begin PBXGroup section */
		17D2B84FB8173F77B1852EB1 /* Frameworks */ = {
			isa = PBXGroup;
			children = (
				ACB96733E146333E508B6A2F /* Pods_Example.framework */,
				36A15481FCE345CA4746C396 /* Pods_ExampleTests.framework */,
				B83154B34980384C1059122A /* Pods_ExampleSnapshotTests.framework */,
			);
			name = Frameworks;
			sourceTree = "<group>";
		};
		DC54A53027AD298100B14516 /* Extensions */ = {
			isa = PBXGroup;
			children = (
				DC54A53127AD298100B14516 /* UIColorMakeDynamicColorTestCase.swift */,
			);
			path = Extensions;
			sourceTree = "<group>";
		};
		DC54A53227AD298100B14516 /* ViewModel */ = {
			isa = PBXGroup;
			children = (
				DC54A53327AD298100B14516 /* MaskLayerViewModelTestCase.swift */,
				DC54A53427AD298100B14516 /* GradientLayerViewModelTestCase.swift */,
			);
			path = ViewModel;
			sourceTree = "<group>";
		};
		DC54A53E27AD2AD700B14516 /* ExampleSnapshotTests */ = {
			isa = PBXGroup;
			children = (
				DC54A54627AD2B0900B14516 /* CustomColorSnapshotTestCase.swift */,
				DC54A55227AD2B0900B14516 /* DefaultColorSnapshotTestCase.swift */,
				DC54A55327AD2B0900B14516 /* README.md */,
			);
			path = ExampleSnapshotTests;
			sourceTree = "<group>";
		};
		DCAA8BDC27AC101000386609 /* BasicExample */ = {
			isa = PBXGroup;
			children = (
				DCA889B927AC199E00CF909E /* BasicExampleViewController.swift */,
				DC20E6E727AD192A00AE9158 /* BasicExample.storyboard */,
			);
			path = BasicExample;
			sourceTree = "<group>";
		};
		DCAA8BDD27AC101800386609 /* AdvancedExample */ = {
			isa = PBXGroup;
			children = (
				DCA889BF27AC1B7F00CF909E /* AdvancedExampleViewController.swift */,
				DC20E6E527AD18DE00AE9158 /* AdvancedExample.storyboard */,
			);
			path = AdvancedExample;
			sourceTree = "<group>";
		};
		DCAA8BDE27AC102000386609 /* WebViewExample */ = {
			isa = PBXGroup;
			children = (
				DCA889C327AC1BC100CF909E /* WebViewExampleViewController.swift */,
				DC20E6E327AD09B300AE9158 /* WebViewExample.storyboard */,
			);
			path = WebViewExample;
			sourceTree = "<group>";
		};
		DCAA8BDF27AC102B00386609 /* SwiftUIExample */ = {
			isa = PBXGroup;
			children = (
				DCAD8B5527AC3187002B3086 /* SwiftUIExampleView.swift */,
			);
			path = SwiftUIExample;
			sourceTree = "<group>";
		};
		DCAA8BE227AC10C900386609 /* Preview Content */ = {
			isa = PBXGroup;
			children = (
				DCC7AAE227ABE71000B76102 /* Preview Assets.xcassets */,
			);
			path = "Preview Content";
			sourceTree = "<group>";
		};
		DCAA8BE327AC10E600386609 /* Scenes */ = {
			isa = PBXGroup;
			children = (
				DCAA8BDD27AC101800386609 /* AdvancedExample */,
				DCAA8BDC27AC101000386609 /* BasicExample */,
				DCAA8BDF27AC102B00386609 /* SwiftUIExample */,
				DCAA8BDE27AC102000386609 /* WebViewExample */,
				DCC7AADD27ABE70F00B76102 /* EntryPointView.swift */,
			);
			path = Scenes;
			sourceTree = "<group>";
		};
		DCAD8B5727AC3DB6002B3086 /* Helper */ = {
			isa = PBXGroup;
			children = (
				DCAD8B5827AC3DCC002B3086 /* StoryboardView.swift */,
			);
			path = Helper;
			sourceTree = "<group>";
		};
		DCC7AACF27ABE70F00B76102 = {
			isa = PBXGroup;
			children = (
				DCC7AADA27ABE70F00B76102 /* Example */,
				DCC7AAEB27ABE71100B76102 /* ExampleTests */,
				DC54A53E27AD2AD700B14516 /* ExampleSnapshotTests */,
				DCC7AAD927ABE70F00B76102 /* Products */,
				EF64A6D19502906A7546DFEF /* Pods */,
				17D2B84FB8173F77B1852EB1 /* Frameworks */,
			);
			sourceTree = "<group>";
		};
		DCC7AAD927ABE70F00B76102 /* Products */ = {
			isa = PBXGroup;
			children = (
				DCC7AAD827ABE70F00B76102 /* Example.app */,
				DCC7AAE827ABE71100B76102 /* ExampleTests.xctest */,
				DC54A53D27AD2AD700B14516 /* ExampleSnapshotTests.xctest */,
			);
			name = Products;
			sourceTree = "<group>";
		};
		DCC7AADA27ABE70F00B76102 /* Example */ = {
			isa = PBXGroup;
			children = (
				DCAD8B5727AC3DB6002B3086 /* Helper */,
				DCAA8BE227AC10C900386609 /* Preview Content */,
				DCAA8BE327AC10E600386609 /* Scenes */,
				DCC7AADB27ABE70F00B76102 /* ExampleApp.swift */,
				DCC7AADF27ABE71000B76102 /* Assets.xcassets */,
			);
			path = Example;
			sourceTree = "<group>";
		};
		DCC7AAEB27ABE71100B76102 /* ExampleTests */ = {
			isa = PBXGroup;
			children = (
				DC54A53027AD298100B14516 /* Extensions */,
				DC54A53227AD298100B14516 /* ViewModel */,
				DC54A52F27AD298100B14516 /* GradientProgressBarTestCase.swift */,
			);
			path = ExampleTests;
			sourceTree = "<group>";
		};
		EF64A6D19502906A7546DFEF /* Pods */ = {
			isa = PBXGroup;
			children = (
				1831E7A373F6BCA1512AEC2C /* Pods-Example.debug.xcconfig */,
				2C4F19E3F77A4916EC02A22A /* Pods-Example.release.xcconfig */,
				1318ACAFEABEBF83E0D26715 /* Pods-ExampleTests.debug.xcconfig */,
				C1B6E121C67FC6811F5EF560 /* Pods-ExampleTests.release.xcconfig */,
				55F7E9841D37A27B102B2C68 /* Pods-ExampleSnapshotTests.debug.xcconfig */,
				2037CDACDEC69585E60EA450 /* Pods-ExampleSnapshotTests.release.xcconfig */,
			);
			path = Pods;
			sourceTree = "<group>";
		};
/* End PBXGroup section */

/* Begin PBXNativeTarget section */
		DC54A53C27AD2AD700B14516 /* ExampleSnapshotTests */ = {
			isa = PBXNativeTarget;
			buildConfigurationList = DC54A54327AD2AD700B14516 /* Build configuration list for PBXNativeTarget "ExampleSnapshotTests" */;
			buildPhases = (
				A917172FC6918351F8D9BCA9 /* [CP] Check Pods Manifest.lock */,
				DC54A53927AD2AD700B14516 /* Sources */,
				DC54A53A27AD2AD700B14516 /* Frameworks */,
				DC54A53B27AD2AD700B14516 /* Resources */,
				C73348C666E6BEBE983775D9 /* [CP] Embed Pods Frameworks */,
			);
			buildRules = (
			);
			dependencies = (
				DC54A54227AD2AD700B14516 /* PBXTargetDependency */,
			);
			name = ExampleSnapshotTests;
			productName = ExampleSnapshotTests;
			productReference = DC54A53D27AD2AD700B14516 /* ExampleSnapshotTests.xctest */;
			productType = "com.apple.product-type.bundle.unit-test";
		};
		DCC7AAD727ABE70F00B76102 /* Example */ = {
			isa = PBXNativeTarget;
			buildConfigurationList = DCC7AAFC27ABE71100B76102 /* Build configuration list for PBXNativeTarget "Example" */;
			buildPhases = (
				66682AC48EF2F6EFCAE02228 /* [CP] Check Pods Manifest.lock */,
				DCC7AAD427ABE70F00B76102 /* Sources */,
				DCC7AAD527ABE70F00B76102 /* Frameworks */,
				DCC7AAD627ABE70F00B76102 /* Resources */,
				3A10251140C959206F87EBD9 /* [CP] Embed Pods Frameworks */,
				DCAA8BE027AC109800386609 /* SwiftFormat */,
				DCAA8BE127AC10A400386609 /* SwiftLint */,
			);
			buildRules = (
			);
			dependencies = (
			);
			name = Example;
			productName = Example;
			productReference = DCC7AAD827ABE70F00B76102 /* Example.app */;
			productType = "com.apple.product-type.application";
		};
		DCC7AAE727ABE71100B76102 /* ExampleTests */ = {
			isa = PBXNativeTarget;
			buildConfigurationList = DCC7AAFF27ABE71100B76102 /* Build configuration list for PBXNativeTarget "ExampleTests" */;
			buildPhases = (
				56C42F72357CE4E21218DA75 /* [CP] Check Pods Manifest.lock */,
				DCC7AAE427ABE71100B76102 /* Sources */,
				DCC7AAE527ABE71100B76102 /* Frameworks */,
				DCC7AAE627ABE71100B76102 /* Resources */,
			);
			buildRules = (
			);
			dependencies = (
				DCC7AAEA27ABE71100B76102 /* PBXTargetDependency */,
			);
			name = ExampleTests;
			productName = ExampleTests;
			productReference = DCC7AAE827ABE71100B76102 /* ExampleTests.xctest */;
			productType = "com.apple.product-type.bundle.unit-test";
		};
/* End PBXNativeTarget section */

/* Begin PBXProject section */
		DCC7AAD027ABE70F00B76102 /* Project object */ = {
			isa = PBXProject;
			attributes = {
				BuildIndependentTargetsInParallel = 1;
				LastSwiftUpdateCheck = 1320;
				LastUpgradeCheck = 1320;
				TargetAttributes = {
					DC54A53C27AD2AD700B14516 = {
						CreatedOnToolsVersion = 13.2;
						LastSwiftMigration = 1320;
						TestTargetID = DCC7AAD727ABE70F00B76102;
					};
					DCC7AAD727ABE70F00B76102 = {
						CreatedOnToolsVersion = 13.2;
					};
					DCC7AAE727ABE71100B76102 = {
						CreatedOnToolsVersion = 13.2;
						LastSwiftMigration = 1320;
						TestTargetID = DCC7AAD727ABE70F00B76102;
					};
				};
			};
			buildConfigurationList = DCC7AAD327ABE70F00B76102 /* Build configuration list for PBXProject "Example" */;
			compatibilityVersion = "Xcode 13.0";
			developmentRegion = en;
			hasScannedForEncodings = 0;
			knownRegions = (
				en,
				Base,
			);
			mainGroup = DCC7AACF27ABE70F00B76102;
			productRefGroup = DCC7AAD927ABE70F00B76102 /* Products */;
			projectDirPath = "";
			projectRoot = "";
			targets = (
				DCC7AAD727ABE70F00B76102 /* Example */,
				DCC7AAE727ABE71100B76102 /* ExampleTests */,
				DC54A53C27AD2AD700B14516 /* ExampleSnapshotTests */,
			);
		};
/* End PBXProject section */

/* Begin PBXResourcesBuildPhase section */
		DC54A53B27AD2AD700B14516 /* Resources */ = {
			isa = PBXResourcesBuildPhase;
			buildActionMask = 2147483647;
			files = (
				DC54A55E27AD2B0900B14516 /* README.md in Resources */,
			);
			runOnlyForDeploymentPostprocessing = 0;
		};
		DCC7AAD627ABE70F00B76102 /* Resources */ = {
			isa = PBXResourcesBuildPhase;
			buildActionMask = 2147483647;
			files = (
				DCC7AAE327ABE71000B76102 /* Preview Assets.xcassets in Resources */,
				DCC7AAE027ABE71000B76102 /* Assets.xcassets in Resources */,
				DC20E6E627AD18DE00AE9158 /* AdvancedExample.storyboard in Resources */,
				DC20E6E427AD09B300AE9158 /* WebViewExample.storyboard in Resources */,
				DC20E6E827AD192A00AE9158 /* BasicExample.storyboard in Resources */,
			);
			runOnlyForDeploymentPostprocessing = 0;
		};
		DCC7AAE627ABE71100B76102 /* Resources */ = {
			isa = PBXResourcesBuildPhase;
			buildActionMask = 2147483647;
			files = (
			);
			runOnlyForDeploymentPostprocessing = 0;
		};
/* End PBXResourcesBuildPhase section */

/* Begin PBXShellScriptBuildPhase section */
		3A10251140C959206F87EBD9 /* [CP] Embed Pods Frameworks */ = {
			isa = PBXShellScriptBuildPhase;
			buildActionMask = 2147483647;
			files = (
			);
			inputFileListPaths = (
				"${PODS_ROOT}/Target Support Files/Pods-Example/Pods-Example-frameworks-${CONFIGURATION}-input-files.xcfilelist",
			);
			name = "[CP] Embed Pods Frameworks";
			outputFileListPaths = (
				"${PODS_ROOT}/Target Support Files/Pods-Example/Pods-Example-frameworks-${CONFIGURATION}-output-files.xcfilelist",
			);
			runOnlyForDeploymentPostprocessing = 0;
			shellPath = /bin/sh;
			shellScript = "\"${PODS_ROOT}/Target Support Files/Pods-Example/Pods-Example-frameworks.sh\"\n";
			showEnvVarsInLog = 0;
		};
		56C42F72357CE4E21218DA75 /* [CP] Check Pods Manifest.lock */ = {
			isa = PBXShellScriptBuildPhase;
			buildActionMask = 2147483647;
			files = (
			);
			inputFileListPaths = (
			);
			inputPaths = (
				"${PODS_PODFILE_DIR_PATH}/Podfile.lock",
				"${PODS_ROOT}/Manifest.lock",
			);
			name = "[CP] Check Pods Manifest.lock";
			outputFileListPaths = (
			);
			outputPaths = (
				"$(DERIVED_FILE_DIR)/Pods-ExampleTests-checkManifestLockResult.txt",
			);
			runOnlyForDeploymentPostprocessing = 0;
			shellPath = /bin/sh;
			shellScript = "diff \"${PODS_PODFILE_DIR_PATH}/Podfile.lock\" \"${PODS_ROOT}/Manifest.lock\" > /dev/null\nif [ $? != 0 ] ; then\n    # print error to STDERR\n    echo \"error: The sandbox is not in sync with the Podfile.lock. Run 'pod install' or update your CocoaPods installation.\" >&2\n    exit 1\nfi\n# This output is used by Xcode 'outputs' to avoid re-running this script phase.\necho \"SUCCESS\" > \"${SCRIPT_OUTPUT_FILE_0}\"\n";
			showEnvVarsInLog = 0;
		};
		66682AC48EF2F6EFCAE02228 /* [CP] Check Pods Manifest.lock */ = {
			isa = PBXShellScriptBuildPhase;
			buildActionMask = 2147483647;
			files = (
			);
			inputFileListPaths = (
			);
			inputPaths = (
				"${PODS_PODFILE_DIR_PATH}/Podfile.lock",
				"${PODS_ROOT}/Manifest.lock",
			);
			name = "[CP] Check Pods Manifest.lock";
			outputFileListPaths = (
			);
			outputPaths = (
				"$(DERIVED_FILE_DIR)/Pods-Example-checkManifestLockResult.txt",
			);
			runOnlyForDeploymentPostprocessing = 0;
			shellPath = /bin/sh;
			shellScript = "diff \"${PODS_PODFILE_DIR_PATH}/Podfile.lock\" \"${PODS_ROOT}/Manifest.lock\" > /dev/null\nif [ $? != 0 ] ; then\n    # print error to STDERR\n    echo \"error: The sandbox is not in sync with the Podfile.lock. Run 'pod install' or update your CocoaPods installation.\" >&2\n    exit 1\nfi\n# This output is used by Xcode 'outputs' to avoid re-running this script phase.\necho \"SUCCESS\" > \"${SCRIPT_OUTPUT_FILE_0}\"\n";
			showEnvVarsInLog = 0;
		};
		A917172FC6918351F8D9BCA9 /* [CP] Check Pods Manifest.lock */ = {
			isa = PBXShellScriptBuildPhase;
			buildActionMask = 2147483647;
			files = (
			);
			inputFileListPaths = (
			);
			inputPaths = (
				"${PODS_PODFILE_DIR_PATH}/Podfile.lock",
				"${PODS_ROOT}/Manifest.lock",
			);
			name = "[CP] Check Pods Manifest.lock";
			outputFileListPaths = (
			);
			outputPaths = (
				"$(DERIVED_FILE_DIR)/Pods-ExampleSnapshotTests-checkManifestLockResult.txt",
			);
			runOnlyForDeploymentPostprocessing = 0;
			shellPath = /bin/sh;
			shellScript = "diff \"${PODS_PODFILE_DIR_PATH}/Podfile.lock\" \"${PODS_ROOT}/Manifest.lock\" > /dev/null\nif [ $? != 0 ] ; then\n    # print error to STDERR\n    echo \"error: The sandbox is not in sync with the Podfile.lock. Run 'pod install' or update your CocoaPods installation.\" >&2\n    exit 1\nfi\n# This output is used by Xcode 'outputs' to avoid re-running this script phase.\necho \"SUCCESS\" > \"${SCRIPT_OUTPUT_FILE_0}\"\n";
			showEnvVarsInLog = 0;
		};
		C73348C666E6BEBE983775D9 /* [CP] Embed Pods Frameworks */ = {
			isa = PBXShellScriptBuildPhase;
			buildActionMask = 2147483647;
			files = (
			);
			inputFileListPaths = (
				"${PODS_ROOT}/Target Support Files/Pods-ExampleSnapshotTests/Pods-ExampleSnapshotTests-frameworks-${CONFIGURATION}-input-files.xcfilelist",
			);
			name = "[CP] Embed Pods Frameworks";
			outputFileListPaths = (
				"${PODS_ROOT}/Target Support Files/Pods-ExampleSnapshotTests/Pods-ExampleSnapshotTests-frameworks-${CONFIGURATION}-output-files.xcfilelist",
			);
			runOnlyForDeploymentPostprocessing = 0;
			shellPath = /bin/sh;
			shellScript = "\"${PODS_ROOT}/Target Support Files/Pods-ExampleSnapshotTests/Pods-ExampleSnapshotTests-frameworks.sh\"\n";
			showEnvVarsInLog = 0;
		};
		DCAA8BE027AC109800386609 /* SwiftFormat */ = {
			isa = PBXShellScriptBuildPhase;
			buildActionMask = 2147483647;
			files = (
			);
			inputFileListPaths = (
			);
			inputPaths = (
			);
			name = SwiftFormat;
			outputFileListPaths = (
			);
			outputPaths = (
			);
			runOnlyForDeploymentPostprocessing = 0;
			shellPath = /bin/sh;
			shellScript = "SWIFTFORMAT=\"${PODS_ROOT}/SwiftFormat/CommandLineTool/swiftformat\"\nif [ ! -f \"$SWIFTFORMAT\" ]; then\n    echo \"warning: SwiftFormat not installed!\"\n    exit 1\nfi\n\n$SWIFTFORMAT ../ --config \"${PODS_ROOT}/SwiftConfigurationFiles/.swiftformat\"\n";
		};
		DCAA8BE127AC10A400386609 /* SwiftLint */ = {
			isa = PBXShellScriptBuildPhase;
			buildActionMask = 2147483647;
			files = (
			);
			inputFileListPaths = (
			);
			inputPaths = (
			);
			name = SwiftLint;
			outputFileListPaths = (
			);
			outputPaths = (
			);
			runOnlyForDeploymentPostprocessing = 0;
			shellPath = /bin/sh;
			shellScript = "SWIFTLINT=\"${PODS_ROOT}/SwiftLint/swiftlint\"\nif [ ! -f \"$SWIFTLINT\" ]; then\n    echo \"warning: SwiftLint not installed!\"\n    exit 1\nfi\n\n$SWIFTLINT\n";
		};
/* End PBXShellScriptBuildPhase section */

/* Begin PBXSourcesBuildPhase section */
		DC54A53927AD2AD700B14516 /* Sources */ = {
			isa = PBXSourcesBuildPhase;
			buildActionMask = 2147483647;
			files = (
				DC54A55427AD2B0900B14516 /* CustomColorSnapshotTestCase.swift in Sources */,
				DC54A55D27AD2B0900B14516 /* DefaultColorSnapshotTestCase.swift in Sources */,
			);
			runOnlyForDeploymentPostprocessing = 0;
		};
		DCC7AAD427ABE70F00B76102 /* Sources */ = {
			isa = PBXSourcesBuildPhase;
			buildActionMask = 2147483647;
			files = (
				DCC7AADE27ABE70F00B76102 /* EntryPointView.swift in Sources */,
				DCAD8B5927AC3DCC002B3086 /* StoryboardView.swift in Sources */,
				DCAD8B5627AC3187002B3086 /* SwiftUIExampleView.swift in Sources */,
				DCC7AADC27ABE70F00B76102 /* ExampleApp.swift in Sources */,
				DCA889C527AC1BC100CF909E /* WebViewExampleViewController.swift in Sources */,
				DCA889BB27AC199E00CF909E /* BasicExampleViewController.swift in Sources */,
				DCA889C127AC1B7F00CF909E /* AdvancedExampleViewController.swift in Sources */,
			);
			runOnlyForDeploymentPostprocessing = 0;
		};
		DCC7AAE427ABE71100B76102 /* Sources */ = {
			isa = PBXSourcesBuildPhase;
			buildActionMask = 2147483647;
			files = (
				DC54A53527AD298100B14516 /* GradientProgressBarTestCase.swift in Sources */,
				DC54A53627AD298100B14516 /* UIColorMakeDynamicColorTestCase.swift in Sources */,
				DC54A53827AD298100B14516 /* GradientLayerViewModelTestCase.swift in Sources */,
				DC54A53727AD298100B14516 /* MaskLayerViewModelTestCase.swift in Sources */,
			);
			runOnlyForDeploymentPostprocessing = 0;
		};
/* End PBXSourcesBuildPhase section */

/* Begin PBXTargetDependency section */
		DC54A54227AD2AD700B14516 /* PBXTargetDependency */ = {
			isa = PBXTargetDependency;
			target = DCC7AAD727ABE70F00B76102 /* Example */;
			targetProxy = DC54A54127AD2AD700B14516 /* PBXContainerItemProxy */;
		};
		DCC7AAEA27ABE71100B76102 /* PBXTargetDependency */ = {
			isa = PBXTargetDependency;
			target = DCC7AAD727ABE70F00B76102 /* Example */;
			targetProxy = DCC7AAE927ABE71100B76102 /* PBXContainerItemProxy */;
		};
/* End PBXTargetDependency section */

/* Begin XCBuildConfiguration section */
		DC54A54427AD2AD700B14516 /* Debug */ = {
			isa = XCBuildConfiguration;
			baseConfigurationReference = 55F7E9841D37A27B102B2C68 /* Pods-ExampleSnapshotTests.debug.xcconfig */;
			buildSettings = {
				BUNDLE_LOADER = "$(TEST_HOST)";
				CLANG_ENABLE_MODULES = YES;
				CODE_SIGN_STYLE = Automatic;
				CURRENT_PROJECT_VERSION = 1;
				DEVELOPMENT_TEAM = F63GJC2AN7;
				GENERATE_INFOPLIST_FILE = YES;
				IPHONEOS_DEPLOYMENT_TARGET = 15.0;
				LD_RUNPATH_SEARCH_PATHS = (
					"$(inherited)",
					"@executable_path/Frameworks",
					"@loader_path/Frameworks",
				);
				MARKETING_VERSION = 1.0;
				PRODUCT_BUNDLE_IDENTIFIER = hamburg.felix.gradientProgressBarExample.ExampleSnapshotTests;
				PRODUCT_NAME = "$(TARGET_NAME)";
				SWIFT_EMIT_LOC_STRINGS = NO;
				SWIFT_OPTIMIZATION_LEVEL = "-Onone";
				SWIFT_VERSION = 5.0;
				TARGETED_DEVICE_FAMILY = "1,2";
				TEST_HOST = "$(BUILT_PRODUCTS_DIR)/Example.app/Example";
			};
			name = Debug;
		};
		DC54A54527AD2AD700B14516 /* Release */ = {
			isa = XCBuildConfiguration;
			baseConfigurationReference = 2037CDACDEC69585E60EA450 /* Pods-ExampleSnapshotTests.release.xcconfig */;
			buildSettings = {
				BUNDLE_LOADER = "$(TEST_HOST)";
				CLANG_ENABLE_MODULES = YES;
				CODE_SIGN_STYLE = Automatic;
				CURRENT_PROJECT_VERSION = 1;
				DEVELOPMENT_TEAM = F63GJC2AN7;
				GENERATE_INFOPLIST_FILE = YES;
				IPHONEOS_DEPLOYMENT_TARGET = 15.0;
				LD_RUNPATH_SEARCH_PATHS = (
					"$(inherited)",
					"@executable_path/Frameworks",
					"@loader_path/Frameworks",
				);
				MARKETING_VERSION = 1.0;
				PRODUCT_BUNDLE_IDENTIFIER = hamburg.felix.gradientProgressBarExample.ExampleSnapshotTests;
				PRODUCT_NAME = "$(TARGET_NAME)";
				SWIFT_EMIT_LOC_STRINGS = NO;
				SWIFT_VERSION = 5.0;
				TARGETED_DEVICE_FAMILY = "1,2";
				TEST_HOST = "$(BUILT_PRODUCTS_DIR)/Example.app/Example";
			};
			name = Release;
		};
		DCC7AAFA27ABE71100B76102 /* Debug */ = {
			isa = XCBuildConfiguration;
			buildSettings = {
				ALWAYS_SEARCH_USER_PATHS = NO;
				CLANG_ANALYZER_NONNULL = YES;
				CLANG_ANALYZER_NUMBER_OBJECT_CONVERSION = YES_AGGRESSIVE;
				CLANG_CXX_LANGUAGE_STANDARD = "gnu++17";
				CLANG_CXX_LIBRARY = "libc++";
				CLANG_ENABLE_MODULES = YES;
				CLANG_ENABLE_OBJC_ARC = YES;
				CLANG_ENABLE_OBJC_WEAK = YES;
				CLANG_WARN_BLOCK_CAPTURE_AUTORELEASING = YES;
				CLANG_WARN_BOOL_CONVERSION = YES;
				CLANG_WARN_COMMA = YES;
				CLANG_WARN_CONSTANT_CONVERSION = YES;
				CLANG_WARN_DEPRECATED_OBJC_IMPLEMENTATIONS = YES;
				CLANG_WARN_DIRECT_OBJC_ISA_USAGE = YES_ERROR;
				CLANG_WARN_DOCUMENTATION_COMMENTS = YES;
				CLANG_WARN_EMPTY_BODY = YES;
				CLANG_WARN_ENUM_CONVERSION = YES;
				CLANG_WARN_INFINITE_RECURSION = YES;
				CLANG_WARN_INT_CONVERSION = YES;
				CLANG_WARN_NON_LITERAL_NULL_CONVERSION = YES;
				CLANG_WARN_OBJC_IMPLICIT_RETAIN_SELF = YES;
				CLANG_WARN_OBJC_LITERAL_CONVERSION = YES;
				CLANG_WARN_OBJC_ROOT_CLASS = YES_ERROR;
				CLANG_WARN_QUOTED_INCLUDE_IN_FRAMEWORK_HEADER = YES;
				CLANG_WARN_RANGE_LOOP_ANALYSIS = YES;
				CLANG_WARN_STRICT_PROTOTYPES = YES;
				CLANG_WARN_SUSPICIOUS_MOVE = YES;
				CLANG_WARN_UNGUARDED_AVAILABILITY = YES_AGGRESSIVE;
				CLANG_WARN_UNREACHABLE_CODE = YES;
				CLANG_WARN__DUPLICATE_METHOD_MATCH = YES;
				COPY_PHASE_STRIP = NO;
				DEBUG_INFORMATION_FORMAT = dwarf;
				ENABLE_STRICT_OBJC_MSGSEND = YES;
				ENABLE_TESTABILITY = YES;
				GCC_C_LANGUAGE_STANDARD = gnu11;
				GCC_DYNAMIC_NO_PIC = NO;
				GCC_NO_COMMON_BLOCKS = YES;
				GCC_OPTIMIZATION_LEVEL = 0;
				GCC_PREPROCESSOR_DEFINITIONS = (
					"DEBUG=1",
					"$(inherited)",
				);
				GCC_WARN_64_TO_32_BIT_CONVERSION = YES;
				GCC_WARN_ABOUT_RETURN_TYPE = YES_ERROR;
				GCC_WARN_UNDECLARED_SELECTOR = YES;
				GCC_WARN_UNINITIALIZED_AUTOS = YES_AGGRESSIVE;
				GCC_WARN_UNUSED_FUNCTION = YES;
				GCC_WARN_UNUSED_VARIABLE = YES;
				IPHONEOS_DEPLOYMENT_TARGET = 15.2;
				MTL_ENABLE_DEBUG_INFO = INCLUDE_SOURCE;
				MTL_FAST_MATH = YES;
				ONLY_ACTIVE_ARCH = YES;
				SDKROOT = iphoneos;
				SWIFT_ACTIVE_COMPILATION_CONDITIONS = DEBUG;
				SWIFT_OPTIMIZATION_LEVEL = "-Onone";
			};
			name = Debug;
		};
		DCC7AAFB27ABE71100B76102 /* Release */ = {
			isa = XCBuildConfiguration;
			buildSettings = {
				ALWAYS_SEARCH_USER_PATHS = NO;
				CLANG_ANALYZER_NONNULL = YES;
				CLANG_ANALYZER_NUMBER_OBJECT_CONVERSION = YES_AGGRESSIVE;
				CLANG_CXX_LANGUAGE_STANDARD = "gnu++17";
				CLANG_CXX_LIBRARY = "libc++";
				CLANG_ENABLE_MODULES = YES;
				CLANG_ENABLE_OBJC_ARC = YES;
				CLANG_ENABLE_OBJC_WEAK = YES;
				CLANG_WARN_BLOCK_CAPTURE_AUTORELEASING = YES;
				CLANG_WARN_BOOL_CONVERSION = YES;
				CLANG_WARN_COMMA = YES;
				CLANG_WARN_CONSTANT_CONVERSION = YES;
				CLANG_WARN_DEPRECATED_OBJC_IMPLEMENTATIONS = YES;
				CLANG_WARN_DIRECT_OBJC_ISA_USAGE = YES_ERROR;
				CLANG_WARN_DOCUMENTATION_COMMENTS = YES;
				CLANG_WARN_EMPTY_BODY = YES;
				CLANG_WARN_ENUM_CONVERSION = YES;
				CLANG_WARN_INFINITE_RECURSION = YES;
				CLANG_WARN_INT_CONVERSION = YES;
				CLANG_WARN_NON_LITERAL_NULL_CONVERSION = YES;
				CLANG_WARN_OBJC_IMPLICIT_RETAIN_SELF = YES;
				CLANG_WARN_OBJC_LITERAL_CONVERSION = YES;
				CLANG_WARN_OBJC_ROOT_CLASS = YES_ERROR;
				CLANG_WARN_QUOTED_INCLUDE_IN_FRAMEWORK_HEADER = YES;
				CLANG_WARN_RANGE_LOOP_ANALYSIS = YES;
				CLANG_WARN_STRICT_PROTOTYPES = YES;
				CLANG_WARN_SUSPICIOUS_MOVE = YES;
				CLANG_WARN_UNGUARDED_AVAILABILITY = YES_AGGRESSIVE;
				CLANG_WARN_UNREACHABLE_CODE = YES;
				CLANG_WARN__DUPLICATE_METHOD_MATCH = YES;
				COPY_PHASE_STRIP = NO;
				DEBUG_INFORMATION_FORMAT = "dwarf-with-dsym";
				ENABLE_NS_ASSERTIONS = NO;
				ENABLE_STRICT_OBJC_MSGSEND = YES;
				GCC_C_LANGUAGE_STANDARD = gnu11;
				GCC_NO_COMMON_BLOCKS = YES;
				GCC_WARN_64_TO_32_BIT_CONVERSION = YES;
				GCC_WARN_ABOUT_RETURN_TYPE = YES_ERROR;
				GCC_WARN_UNDECLARED_SELECTOR = YES;
				GCC_WARN_UNINITIALIZED_AUTOS = YES_AGGRESSIVE;
				GCC_WARN_UNUSED_FUNCTION = YES;
				GCC_WARN_UNUSED_VARIABLE = YES;
				IPHONEOS_DEPLOYMENT_TARGET = 15.2;
				MTL_ENABLE_DEBUG_INFO = NO;
				MTL_FAST_MATH = YES;
				SDKROOT = iphoneos;
				SWIFT_COMPILATION_MODE = wholemodule;
				SWIFT_OPTIMIZATION_LEVEL = "-O";
				VALIDATE_PRODUCT = YES;
			};
			name = Release;
		};
		DCC7AAFD27ABE71100B76102 /* Debug */ = {
			isa = XCBuildConfiguration;
			baseConfigurationReference = 1831E7A373F6BCA1512AEC2C /* Pods-Example.debug.xcconfig */;
			buildSettings = {
				ASSETCATALOG_COMPILER_APPICON_NAME = AppIcon;
				ASSETCATALOG_COMPILER_GLOBAL_ACCENT_COLOR_NAME = AccentColor;
				CODE_SIGN_STYLE = Automatic;
				CURRENT_PROJECT_VERSION = 1;
				DEVELOPMENT_ASSET_PATHS = "\"Example/Preview Content\"";
				DEVELOPMENT_TEAM = F63GJC2AN7;
				ENABLE_PREVIEWS = YES;
				GENERATE_INFOPLIST_FILE = YES;
				INFOPLIST_KEY_UIApplicationSceneManifest_Generation = YES;
				INFOPLIST_KEY_UIApplicationSupportsIndirectInputEvents = YES;
				INFOPLIST_KEY_UILaunchScreen_Generation = YES;
				INFOPLIST_KEY_UISupportedInterfaceOrientations = UIInterfaceOrientationPortrait;
				INFOPLIST_KEY_UISupportedInterfaceOrientations_iPad = "UIInterfaceOrientationPortrait UIInterfaceOrientationPortraitUpsideDown UIInterfaceOrientationLandscapeLeft UIInterfaceOrientationLandscapeRight";
				INFOPLIST_KEY_UISupportedInterfaceOrientations_iPhone = "UIInterfaceOrientationPortrait UIInterfaceOrientationLandscapeLeft UIInterfaceOrientationLandscapeRight";
				IPHONEOS_DEPLOYMENT_TARGET = 15.0;
				LD_RUNPATH_SEARCH_PATHS = (
					"$(inherited)",
					"@executable_path/Frameworks",
				);
				MARKETING_VERSION = 1.0;
				PRODUCT_BUNDLE_IDENTIFIER = hamburg.felix.gradientProgressBar.example;
				PRODUCT_NAME = "$(TARGET_NAME)";
				SWIFT_EMIT_LOC_STRINGS = YES;
				SWIFT_VERSION = 5.0;
				TARGETED_DEVICE_FAMILY = 1;
			};
			name = Debug;
		};
		DCC7AAFE27ABE71100B76102 /* Release */ = {
			isa = XCBuildConfiguration;
			baseConfigurationReference = 2C4F19E3F77A4916EC02A22A /* Pods-Example.release.xcconfig */;
			buildSettings = {
				ASSETCATALOG_COMPILER_APPICON_NAME = AppIcon;
				ASSETCATALOG_COMPILER_GLOBAL_ACCENT_COLOR_NAME = AccentColor;
				CODE_SIGN_STYLE = Automatic;
				CURRENT_PROJECT_VERSION = 1;
				DEVELOPMENT_ASSET_PATHS = "\"Example/Preview Content\"";
				DEVELOPMENT_TEAM = F63GJC2AN7;
				ENABLE_PREVIEWS = YES;
				GENERATE_INFOPLIST_FILE = YES;
				INFOPLIST_KEY_UIApplicationSceneManifest_Generation = YES;
				INFOPLIST_KEY_UIApplicationSupportsIndirectInputEvents = YES;
				INFOPLIST_KEY_UILaunchScreen_Generation = YES;
				INFOPLIST_KEY_UISupportedInterfaceOrientations = UIInterfaceOrientationPortrait;
				INFOPLIST_KEY_UISupportedInterfaceOrientations_iPad = "UIInterfaceOrientationPortrait UIInterfaceOrientationPortraitUpsideDown UIInterfaceOrientationLandscapeLeft UIInterfaceOrientationLandscapeRight";
				INFOPLIST_KEY_UISupportedInterfaceOrientations_iPhone = "UIInterfaceOrientationPortrait UIInterfaceOrientationLandscapeLeft UIInterfaceOrientationLandscapeRight";
				IPHONEOS_DEPLOYMENT_TARGET = 15.0;
				LD_RUNPATH_SEARCH_PATHS = (
					"$(inherited)",
					"@executable_path/Frameworks",
				);
				MARKETING_VERSION = 1.0;
				PRODUCT_BUNDLE_IDENTIFIER = hamburg.felix.gradientProgressBar.example;
				PRODUCT_NAME = "$(TARGET_NAME)";
				SWIFT_EMIT_LOC_STRINGS = YES;
				SWIFT_VERSION = 5.0;
				TARGETED_DEVICE_FAMILY = 1;
			};
			name = Release;
		};
		DCC7AB0027ABE71100B76102 /* Debug */ = {
			isa = XCBuildConfiguration;
			baseConfigurationReference = 1318ACAFEABEBF83E0D26715 /* Pods-ExampleTests.debug.xcconfig */;
			buildSettings = {
				ALWAYS_EMBED_SWIFT_STANDARD_LIBRARIES = YES;
				BUNDLE_LOADER = "$(TEST_HOST)";
				CLANG_ENABLE_MODULES = YES;
				CODE_SIGN_STYLE = Automatic;
				CURRENT_PROJECT_VERSION = 1;
				DEVELOPMENT_TEAM = F63GJC2AN7;
				GENERATE_INFOPLIST_FILE = YES;
				IPHONEOS_DEPLOYMENT_TARGET = 15.0;
				LD_RUNPATH_SEARCH_PATHS = (
					"$(inherited)",
					"@executable_path/Frameworks",
					"@loader_path/Frameworks",
				);
				MARKETING_VERSION = 1.0;
				PRODUCT_BUNDLE_IDENTIFIER = hamburg.felix.gradientProgressBarExample.ExampleTests;
				PRODUCT_NAME = "$(TARGET_NAME)";
				SWIFT_EMIT_LOC_STRINGS = NO;
				SWIFT_INSTALL_OBJC_HEADER = NO;
				SWIFT_OBJC_BRIDGING_HEADER = "";
				SWIFT_OPTIMIZATION_LEVEL = "-Onone";
				SWIFT_PRECOMPILE_BRIDGING_HEADER = NO;
				SWIFT_VERSION = 5.0;
				TARGETED_DEVICE_FAMILY = "1,2";
				TEST_HOST = "$(BUILT_PRODUCTS_DIR)/Example.app/Example";
			};
			name = Debug;
		};
		DCC7AB0127ABE71100B76102 /* Release */ = {
			isa = XCBuildConfiguration;
			baseConfigurationReference = C1B6E121C67FC6811F5EF560 /* Pods-ExampleTests.release.xcconfig */;
			buildSettings = {
				ALWAYS_EMBED_SWIFT_STANDARD_LIBRARIES = YES;
				BUNDLE_LOADER = "$(TEST_HOST)";
				CLANG_ENABLE_MODULES = YES;
				CODE_SIGN_STYLE = Automatic;
				CURRENT_PROJECT_VERSION = 1;
				DEVELOPMENT_TEAM = F63GJC2AN7;
				GENERATE_INFOPLIST_FILE = YES;
				IPHONEOS_DEPLOYMENT_TARGET = 15.0;
				LD_RUNPATH_SEARCH_PATHS = (
					"$(inherited)",
					"@executable_path/Frameworks",
					"@loader_path/Frameworks",
				);
				MARKETING_VERSION = 1.0;
				PRODUCT_BUNDLE_IDENTIFIER = hamburg.felix.gradientProgressBarExample.ExampleTests;
				PRODUCT_NAME = "$(TARGET_NAME)";
				SWIFT_EMIT_LOC_STRINGS = NO;
				SWIFT_INSTALL_OBJC_HEADER = NO;
				SWIFT_OBJC_BRIDGING_HEADER = "";
				SWIFT_PRECOMPILE_BRIDGING_HEADER = NO;
				SWIFT_VERSION = 5.0;
				TARGETED_DEVICE_FAMILY = "1,2";
				TEST_HOST = "$(BUILT_PRODUCTS_DIR)/Example.app/Example";
			};
			name = Release;
		};
/* End XCBuildConfiguration section */

/* Begin XCConfigurationList section */
		DC54A54327AD2AD700B14516 /* Build configuration list for PBXNativeTarget "ExampleSnapshotTests" */ = {
			isa = XCConfigurationList;
			buildConfigurations = (
				DC54A54427AD2AD700B14516 /* Debug */,
				DC54A54527AD2AD700B14516 /* Release */,
			);
			defaultConfigurationIsVisible = 0;
			defaultConfigurationName = Release;
		};
		DCC7AAD327ABE70F00B76102 /* Build configuration list for PBXProject "Example" */ = {
			isa = XCConfigurationList;
			buildConfigurations = (
				DCC7AAFA27ABE71100B76102 /* Debug */,
				DCC7AAFB27ABE71100B76102 /* Release */,
			);
			defaultConfigurationIsVisible = 0;
			defaultConfigurationName = Release;
		};
		DCC7AAFC27ABE71100B76102 /* Build configuration list for PBXNativeTarget "Example" */ = {
			isa = XCConfigurationList;
			buildConfigurations = (
				DCC7AAFD27ABE71100B76102 /* Debug */,
				DCC7AAFE27ABE71100B76102 /* Release */,
			);
			defaultConfigurationIsVisible = 0;
			defaultConfigurationName = Release;
		};
		DCC7AAFF27ABE71100B76102 /* Build configuration list for PBXNativeTarget "ExampleTests" */ = {
			isa = XCConfigurationList;
			buildConfigurations = (
				DCC7AB0027ABE71100B76102 /* Debug */,
				DCC7AB0127ABE71100B76102 /* Release */,
			);
			defaultConfigurationIsVisible = 0;
			defaultConfigurationName = Release;
		};
/* End XCConfigurationList section */
	};
	rootObject = DCC7AAD027ABE70F00B76102 /* Project object */;
}
